
Microsoft Visual Studio Solution File, Format Version 12.00
# Visual Studio Version 17
VisualStudioVersion = 17.5.33627.172
MinimumVisualStudioVersion = 10.0.40219.1
Project("{FAE04EC0-301F-11D3-BF4B-00C04F79EFBC}") = "CodeFactory.Automation.Standard", "CodeFactory.Automation.Standard\CodeFactory.Automation.Standard.csproj", "{B3A2C1A3-3605-4E17-BA5B-1DA7ED5D6CCC}"
EndProject
Project("{FAE04EC0-301F-11D3-BF4B-00C04F79EFBC}") = "CodeFactory.Automation.Standard.Logic", "CodeFactory.Automation.Standard.Logic\CodeFactory.Automation.Standard.Logic.csproj", "{4A7D7959-1E8F-41CF-A606-EF326737CD78}"
EndProject
Global
	GlobalSection(SolutionConfigurationPlatforms) = preSolution
		Debug|Any CPU = Debug|Any CPU
		Release|Any CPU = Release|Any CPU
	EndGlobalSection
	GlobalSection(ProjectConfigurationPlatforms) = postSolution
		{B3A2C1A3-3605-4E17-BA5B-1DA7ED5D6CCC}.Debug|Any CPU.ActiveCfg = Debug|Any CPU
		{B3A2C1A3-3605-4E17-BA5B-1DA7ED5D6CCC}.Debug|Any CPU.Build.0 = Debug|Any CPU
		{B3A2C1A3-3605-4E17-BA5B-1DA7ED5D6CCC}.Release|Any CPU.ActiveCfg = Release|Any CPU
		{B3A2C1A3-3605-4E17-BA5B-1DA7ED5D6CCC}.Release|Any CPU.Build.0 = Release|Any CPU
		{4A7D7959-1E8F-41CF-A606-EF326737CD78}.Debug|Any CPU.ActiveCfg = Debug|Any CPU
		{4A7D7959-1E8F-41CF-A606-EF326737CD78}.Debug|Any CPU.Build.0 = Debug|Any CPU
		{4A7D7959-1E8F-41CF-A606-EF326737CD78}.Release|Any CPU.ActiveCfg = Release|Any CPU
		{4A7D7959-1E8F-41CF-A606-EF326737CD78}.Release|Any CPU.Build.0 = Release|Any CPU
	EndGlobalSection
	GlobalSection(SolutionProperties) = preSolution
		HideSolutionNode = FALSE
	EndGlobalSection
	GlobalSection(ExtensibilityGlobals) = postSolution
		SolutionGuid = {9B0A1D04-0A3B-4505-A54E-FA3FD68CCB63}
	EndGlobalSection
EndGlobal
