
Microsoft Visual Studio Solution File, Format Version 12.00
# Visual Studio Version 17
VisualStudioVersion = 17.7.34031.279
MinimumVisualStudioVersion = 10.0.40219.1
Project("{2150E333-8FDC-42A3-9474-1A3956D46DE8}") = "6-Data", "6-Data", "{7650F3E6-66F8-41F6-9512-3652FC55964B}"
EndProject
Project("{2150E333-8FDC-42A3-9474-1A3956D46DE8}") = "5-Logic", "5-Logic", "{56C21270-0F61-4C45-B018-A0A4B8C6C032}"
EndProject
Project("{2150E333-8FDC-42A3-9474-1A3956D46DE8}") = "4-Transport", "4-Transport", "{ABE674F6-45FF-4768-B2E4-1F839949E35A}"
EndProject
Project("{2150E333-8FDC-42A3-9474-1A3956D46DE8}") = "3-Abstraction", "3-Abstraction", "{8A2AEB6D-5C67-4C9F-819E-AC5AF304898D}"
EndProject
Project("{2150E333-8FDC-42A3-9474-1A3956D46DE8}") = "2-UI", "2-UI", "{E92A02A0-FA53-4B2E-B68E-23E1508D457C}"
EndProject
Project("{2150E333-8FDC-42A3-9474-1A3956D46DE8}") = "1-Global", "1-Global", "{304F8C75-E563-4976-B14C-E7018C33D91A}"
EndProject
Project("{FAE04EC0-301F-11D3-BF4B-00C04F79EFBC}") = "Demo.Arch.App.Model", "Demo.Arch.App.Model\Demo.Arch.App.Model.csproj", "{2DD3F9CA-62A7-4F59-A122-D16D66F08CF5}"
EndProject
Project("{FAE04EC0-301F-11D3-BF4B-00C04F79EFBC}") = "Demo.Arch.Data.Contracts", "Demo.Arch.Data.Contracts\Demo.Arch.Data.Contracts.csproj", "{F64A4D76-CDE7-4254-84DD-5C4C66EEB599}"
EndProject
Project("{FAE04EC0-301F-11D3-BF4B-00C04F79EFBC}") = "Demo.Arch.Data.Sql.Model", "Demo.Arch.Data.Sql.Model\Demo.Arch.Data.Sql.Model.csproj", "{CF0C4685-2D1D-4842-B839-EC4935CAB958}"
EndProject
Project("{FAE04EC0-301F-11D3-BF4B-00C04F79EFBC}") = "Demo.Arch.Data.Sql", "Demo.Arch.Data.Sql\Demo.Arch.Data.Sql.csproj", "{F6C95132-C214-4628-8520-63B5887A0AA0}"
EndProject
Project("{FAE04EC0-301F-11D3-BF4B-00C04F79EFBC}") = "Demo.Arch.Logic.Contracts", "Demo.Arch.Logic.Contracts\Demo.Arch.Logic.Contracts.csproj", "{82CCE4A6-C806-456F-9995-6AE4317E3E63}"
EndProject
Project("{FAE04EC0-301F-11D3-BF4B-00C04F79EFBC}") = "Demo.Arch.Logic", "Demo.Arch.Logic\Demo.Arch.Logic.csproj", "{F7A8DE29-FFD0-4D71-A118-CB1A5D428A53}"
EndProject
Project("{FAE04EC0-301F-11D3-BF4B-00C04F79EFBC}") = "Demo.Arch.Transport.Rest", "Demo.Arch.Transport.Rest\Demo.Arch.Transport.Rest.csproj", "{2C569F8E-DD7C-43B4-A6CE-E77316942EFF}"
EndProject
Project("{FAE04EC0-301F-11D3-BF4B-00C04F79EFBC}") = "Demo.Arch.Transport.Rest.Model", "Demo.Arch.Transport.Rest.Model\Demo.Arch.Transport.Rest.Model.csproj", "{20ADEC82-3A89-4B0E-A3E8-8999B9933209}"
EndProject
Project("{FAE04EC0-301F-11D3-BF4B-00C04F79EFBC}") = "Demo.Arch.Abstraction.Contracts", "Demo.Arch.Abstraction.Contracts\Demo.Arch.Abstraction.Contracts.csproj", "{1404F0A7-3F29-4A90-8323-3CDF4FAC5AC4}"
EndProject
Project("{FAE04EC0-301F-11D3-BF4B-00C04F79EFBC}") = "Demo.Arch.Abstraction.Transport.Rest", "Demo.Arch.Abstraction.Transport.Rest\Demo.Arch.Abstraction.Transport.Rest.csproj", "{D76E4E07-B198-4073-9B40-D959ECE7EEF7}"
EndProject
Project("{FAE04EC0-301F-11D3-BF4B-00C04F79EFBC}") = "Demo.Arch.Web.Blazor", "Demo.Arch.Web.Blazor\Demo.Arch.Web.Blazor.csproj", "{B8C844B1-0E63-4997-9B9F-55FDB538EF29}"
EndProject
Project("{FAE04EC0-301F-11D3-BF4B-00C04F79EFBC}") = "Demo.Arch.Web.Blazor.Model", "Demo.Arch.Web.Blazor.Model\Demo.Arch.Web.Blazor.Model.csproj", "{67282779-3FF5-41F7-B025-9A7EFB666041}"
EndProject
Project("{FAE04EC0-301F-11D3-BF4B-00C04F79EFBC}") = "Demo.Arch.Client.Maui", "Demo.Arch.Client.Maui\Demo.Arch.Client.Maui.csproj", "{F60E4C7C-C041-49F3-BA30-CC04B949A90D}"
EndProject
Project("{FAE04EC0-301F-11D3-BF4B-00C04F79EFBC}") = "Demo.Arch.Client.Maui.Model", "Demo.Arch.Client.Maui.Model\Demo.Arch.Client.Maui.Model.csproj", "{A3BED929-7888-4E02-92D1-E0B2F3705AA6}"
EndProject
Global
	GlobalSection(SolutionConfigurationPlatforms) = preSolution
		Debug|Any CPU = Debug|Any CPU
		Release|Any CPU = Release|Any CPU
	EndGlobalSection
	GlobalSection(ProjectConfigurationPlatforms) = postSolution
		{2DD3F9CA-62A7-4F59-A122-D16D66F08CF5}.Debug|Any CPU.ActiveCfg = Debug|Any CPU
		{2DD3F9CA-62A7-4F59-A122-D16D66F08CF5}.Debug|Any CPU.Build.0 = Debug|Any CPU
		{2DD3F9CA-62A7-4F59-A122-D16D66F08CF5}.Release|Any CPU.ActiveCfg = Release|Any CPU
		{2DD3F9CA-62A7-4F59-A122-D16D66F08CF5}.Release|Any CPU.Build.0 = Release|Any CPU
		{F64A4D76-CDE7-4254-84DD-5C4C66EEB599}.Debug|Any CPU.ActiveCfg = Debug|Any CPU
		{F64A4D76-CDE7-4254-84DD-5C4C66EEB599}.Debug|Any CPU.Build.0 = Debug|Any CPU
		{F64A4D76-CDE7-4254-84DD-5C4C66EEB599}.Release|Any CPU.ActiveCfg = Release|Any CPU
		{F64A4D76-CDE7-4254-84DD-5C4C66EEB599}.Release|Any CPU.Build.0 = Release|Any CPU
		{CF0C4685-2D1D-4842-B839-EC4935CAB958}.Debug|Any CPU.ActiveCfg = Debug|Any CPU
		{CF0C4685-2D1D-4842-B839-EC4935CAB958}.Debug|Any CPU.Build.0 = Debug|Any CPU
		{CF0C4685-2D1D-4842-B839-EC4935CAB958}.Release|Any CPU.ActiveCfg = Release|Any CPU
		{CF0C4685-2D1D-4842-B839-EC4935CAB958}.Release|Any CPU.Build.0 = Release|Any CPU
		{F6C95132-C214-4628-8520-63B5887A0AA0}.Debug|Any CPU.ActiveCfg = Debug|Any CPU
		{F6C95132-C214-4628-8520-63B5887A0AA0}.Debug|Any CPU.Build.0 = Debug|Any CPU
		{F6C95132-C214-4628-8520-63B5887A0AA0}.Release|Any CPU.ActiveCfg = Release|Any CPU
		{F6C95132-C214-4628-8520-63B5887A0AA0}.Release|Any CPU.Build.0 = Release|Any CPU
		{82CCE4A6-C806-456F-9995-6AE4317E3E63}.Debug|Any CPU.ActiveCfg = Debug|Any CPU
		{82CCE4A6-C806-456F-9995-6AE4317E3E63}.Debug|Any CPU.Build.0 = Debug|Any CPU
		{82CCE4A6-C806-456F-9995-6AE4317E3E63}.Release|Any CPU.ActiveCfg = Release|Any CPU
		{82CCE4A6-C806-456F-9995-6AE4317E3E63}.Release|Any CPU.Build.0 = Release|Any CPU
		{F7A8DE29-FFD0-4D71-A118-CB1A5D428A53}.Debug|Any CPU.ActiveCfg = Debug|Any CPU
		{F7A8DE29-FFD0-4D71-A118-CB1A5D428A53}.Debug|Any CPU.Build.0 = Debug|Any CPU
		{F7A8DE29-FFD0-4D71-A118-CB1A5D428A53}.Release|Any CPU.ActiveCfg = Release|Any CPU
		{F7A8DE29-FFD0-4D71-A118-CB1A5D428A53}.Release|Any CPU.Build.0 = Release|Any CPU
		{2C569F8E-DD7C-43B4-A6CE-E77316942EFF}.Debug|Any CPU.ActiveCfg = Debug|Any CPU
		{2C569F8E-DD7C-43B4-A6CE-E77316942EFF}.Debug|Any CPU.Build.0 = Debug|Any CPU
		{2C569F8E-DD7C-43B4-A6CE-E77316942EFF}.Release|Any CPU.ActiveCfg = Release|Any CPU
		{2C569F8E-DD7C-43B4-A6CE-E77316942EFF}.Release|Any CPU.Build.0 = Release|Any CPU
		{20ADEC82-3A89-4B0E-A3E8-8999B9933209}.Debug|Any CPU.ActiveCfg = Debug|Any CPU
		{20ADEC82-3A89-4B0E-A3E8-8999B9933209}.Debug|Any CPU.Build.0 = Debug|Any CPU
		{20ADEC82-3A89-4B0E-A3E8-8999B9933209}.Release|Any CPU.ActiveCfg = Release|Any CPU
		{20ADEC82-3A89-4B0E-A3E8-8999B9933209}.Release|Any CPU.Build.0 = Release|Any CPU
		{1404F0A7-3F29-4A90-8323-3CDF4FAC5AC4}.Debug|Any CPU.ActiveCfg = Debug|Any CPU
		{1404F0A7-3F29-4A90-8323-3CDF4FAC5AC4}.Debug|Any CPU.Build.0 = Debug|Any CPU
		{1404F0A7-3F29-4A90-8323-3CDF4FAC5AC4}.Release|Any CPU.ActiveCfg = Release|Any CPU
		{1404F0A7-3F29-4A90-8323-3CDF4FAC5AC4}.Release|Any CPU.Build.0 = Release|Any CPU
		{D76E4E07-B198-4073-9B40-D959ECE7EEF7}.Debug|Any CPU.ActiveCfg = Debug|Any CPU
		{D76E4E07-B198-4073-9B40-D959ECE7EEF7}.Debug|Any CPU.Build.0 = Debug|Any CPU
		{D76E4E07-B198-4073-9B40-D959ECE7EEF7}.Release|Any CPU.ActiveCfg = Release|Any CPU
		{D76E4E07-B198-4073-9B40-D959ECE7EEF7}.Release|Any CPU.Build.0 = Release|Any CPU
		{B8C844B1-0E63-4997-9B9F-55FDB538EF29}.Debug|Any CPU.ActiveCfg = Debug|Any CPU
		{B8C844B1-0E63-4997-9B9F-55FDB538EF29}.Debug|Any CPU.Build.0 = Debug|Any CPU
		{B8C844B1-0E63-4997-9B9F-55FDB538EF29}.Release|Any CPU.ActiveCfg = Release|Any CPU
		{B8C844B1-0E63-4997-9B9F-55FDB538EF29}.Release|Any CPU.Build.0 = Release|Any CPU
		{67282779-3FF5-41F7-B025-9A7EFB666041}.Debug|Any CPU.ActiveCfg = Debug|Any CPU
		{67282779-3FF5-41F7-B025-9A7EFB666041}.Debug|Any CPU.Build.0 = Debug|Any CPU
		{67282779-3FF5-41F7-B025-9A7EFB666041}.Release|Any CPU.ActiveCfg = Release|Any CPU
		{67282779-3FF5-41F7-B025-9A7EFB666041}.Release|Any CPU.Build.0 = Release|Any CPU
		{F60E4C7C-C041-49F3-BA30-CC04B949A90D}.Debug|Any CPU.ActiveCfg = Debug|Any CPU
		{F60E4C7C-C041-49F3-BA30-CC04B949A90D}.Debug|Any CPU.Build.0 = Debug|Any CPU
		{F60E4C7C-C041-49F3-BA30-CC04B949A90D}.Debug|Any CPU.Deploy.0 = Debug|Any CPU
		{F60E4C7C-C041-49F3-BA30-CC04B949A90D}.Release|Any CPU.ActiveCfg = Release|Any CPU
		{F60E4C7C-C041-49F3-BA30-CC04B949A90D}.Release|Any CPU.Build.0 = Release|Any CPU
		{F60E4C7C-C041-49F3-BA30-CC04B949A90D}.Release|Any CPU.Deploy.0 = Release|Any CPU
		{A3BED929-7888-4E02-92D1-E0B2F3705AA6}.Debug|Any CPU.ActiveCfg = Debug|Any CPU
		{A3BED929-7888-4E02-92D1-E0B2F3705AA6}.Debug|Any CPU.Build.0 = Debug|Any CPU
		{A3BED929-7888-4E02-92D1-E0B2F3705AA6}.Release|Any CPU.ActiveCfg = Release|Any CPU
		{A3BED929-7888-4E02-92D1-E0B2F3705AA6}.Release|Any CPU.Build.0 = Release|Any CPU
	EndGlobalSection
	GlobalSection(SolutionProperties) = preSolution
		HideSolutionNode = FALSE
	EndGlobalSection
	GlobalSection(NestedProjects) = preSolution
		{2DD3F9CA-62A7-4F59-A122-D16D66F08CF5} = {304F8C75-E563-4976-B14C-E7018C33D91A}
		{F64A4D76-CDE7-4254-84DD-5C4C66EEB599} = {7650F3E6-66F8-41F6-9512-3652FC55964B}
		{CF0C4685-2D1D-4842-B839-EC4935CAB958} = {7650F3E6-66F8-41F6-9512-3652FC55964B}
		{F6C95132-C214-4628-8520-63B5887A0AA0} = {7650F3E6-66F8-41F6-9512-3652FC55964B}
		{82CCE4A6-C806-456F-9995-6AE4317E3E63} = {56C21270-0F61-4C45-B018-A0A4B8C6C032}
		{F7A8DE29-FFD0-4D71-A118-CB1A5D428A53} = {56C21270-0F61-4C45-B018-A0A4B8C6C032}
		{2C569F8E-DD7C-43B4-A6CE-E77316942EFF} = {ABE674F6-45FF-4768-B2E4-1F839949E35A}
		{20ADEC82-3A89-4B0E-A3E8-8999B9933209} = {ABE674F6-45FF-4768-B2E4-1F839949E35A}
		{1404F0A7-3F29-4A90-8323-3CDF4FAC5AC4} = {8A2AEB6D-5C67-4C9F-819E-AC5AF304898D}
		{D76E4E07-B198-4073-9B40-D959ECE7EEF7} = {8A2AEB6D-5C67-4C9F-819E-AC5AF304898D}
		{B8C844B1-0E63-4997-9B9F-55FDB538EF29} = {E92A02A0-FA53-4B2E-B68E-23E1508D457C}
		{67282779-3FF5-41F7-B025-9A7EFB666041} = {E92A02A0-FA53-4B2E-B68E-23E1508D457C}
		{F60E4C7C-C041-49F3-BA30-CC04B949A90D} = {E92A02A0-FA53-4B2E-B68E-23E1508D457C}
		{A3BED929-7888-4E02-92D1-E0B2F3705AA6} = {E92A02A0-FA53-4B2E-B68E-23E1508D457C}
	EndGlobalSection
	GlobalSection(ExtensibilityGlobals) = postSolution
		SolutionGuid = {34421563-E438-478C-83A7-E1A05475EC2E}
	EndGlobalSection
EndGlobal
