
Microsoft Visual Studio Solution File, Format Version 12.00
# Visual Studio Version 17
VisualStudioVersion = 17.5.33627.172
MinimumVisualStudioVersion = 10.0.40219.1
Project("{FAE04EC0-301F-11D3-BF4B-00C04F79EFBC}") = "CodeFactory.Automation.Standard.NDF.Logic", "CodeFactory.Automation.Standard.NDF.Logic\CodeFactory.Automation.Standard.NDF.Logic.csproj", "{CF0F98B6-E6C9-4BBA-B61F-20E00260676F}"
EndProject
Project("{FAE04EC0-301F-11D3-BF4B-00C04F79EFBC}") = "CodeFactory.Automation.Standard.NDF", "CodeFactory.Automation.Standard.NDF\CodeFactory.Automation.Standard.NDF.csproj", "{DF91E081-52B7-4698-AB4A-9ABAE2DBEEBE}"
EndProject
Global
	GlobalSection(SolutionConfigurationPlatforms) = preSolution
		Debug|Any CPU = Debug|Any CPU
		Release|Any CPU = Release|Any CPU
	EndGlobalSection
	GlobalSection(ProjectConfigurationPlatforms) = postSolution
		{CF0F98B6-E6C9-4BBA-B61F-20E00260676F}.Debug|Any CPU.ActiveCfg = Debug|Any CPU
		{CF0F98B6-E6C9-4BBA-B61F-20E00260676F}.Debug|Any CPU.Build.0 = Debug|Any CPU
		{CF0F98B6-E6C9-4BBA-B61F-20E00260676F}.Release|Any CPU.ActiveCfg = Release|Any CPU
		{CF0F98B6-E6C9-4BBA-B61F-20E00260676F}.Release|Any CPU.Build.0 = Release|Any CPU
		{DF91E081-52B7-4698-AB4A-9ABAE2DBEEBE}.Debug|Any CPU.ActiveCfg = Debug|Any CPU
		{DF91E081-52B7-4698-AB4A-9ABAE2DBEEBE}.Debug|Any CPU.Build.0 = Debug|Any CPU
		{DF91E081-52B7-4698-AB4A-9ABAE2DBEEBE}.Release|Any CPU.ActiveCfg = Release|Any CPU
		{DF91E081-52B7-4698-AB4A-9ABAE2DBEEBE}.Release|Any CPU.Build.0 = Release|Any CPU
	EndGlobalSection
	GlobalSection(SolutionProperties) = preSolution
		HideSolutionNode = FALSE
	EndGlobalSection
	GlobalSection(ExtensibilityGlobals) = postSolution
		SolutionGuid = {BC52BF0C-2255-453D-93CF-675B6880B47C}
	EndGlobalSection
EndGlobal
